<?xml version="1.0" encoding="utf-8"?>
<Project ToolsVersion="4.0" xmlns="http://schemas.microsoft.com/developer/msbuild/2003">
  <ItemGroup>
    <CudaCompile Include="main.cu" />
  </ItemGroup>
  <ItemGroup>
    <ClInclude Include="parser.cuh" />
    <ClInclude Include="trimesh.cuh" />
    <ClInclude Include="material.cuh" />
    <ClInclude Include="ray.cuh" />
    <ClInclude Include="scene.cuh" />
    <ClInclude Include="shapes.cuh" />
    <ClInclude Include="vec3.cuh" />
  </ItemGroup>
  <ItemGroup>
    <Text Include="Scenes\test1.txt" />
    <Text Include="scene1.txt" />
  </ItemGroup>
</Project>